
Microsoft Visual Studio Solution File, Format Version 12.00
# Visual Studio 15
VisualStudioVersion = 15.0.28010.2016
MinimumVisualStudioVersion = 10.0.40219.1
Project("{FAE04EC0-301F-11D3-BF4B-00C04F79EFBC}") = "ConstraintUI", "ConstraintUI.csproj", "{A0CDCEDC-900E-4FE9-93DF-596B7B960D7E}"
EndProject
Global
	GlobalSection(SolutionConfigurationPlatforms) = preSolution
		Debug|Any CPU = Debug|Any CPU
		Release|Any CPU = Release|Any CPU
	EndGlobalSection
	GlobalSection(ProjectConfigurationPlatforms) = postSolution
		{A0CDCEDC-900E-4FE9-93DF-596B7B960D7E}.Debug|Any CPU.ActiveCfg = Debug|Any CPU
		{A0CDCEDC-900E-4FE9-93DF-596B7B960D7E}.Debug|Any CPU.Build.0 = Debug|Any CPU
		{A0CDCEDC-900E-4FE9-93DF-596B7B960D7E}.Release|Any CPU.ActiveCfg = Release|Any CPU
		{A0CDCEDC-900E-4FE9-93DF-596B7B960D7E}.Release|Any CPU.Build.0 = Release|Any CPU
	EndGlobalSection
	GlobalSection(SolutionProperties) = preSolution
		HideSolutionNode = FALSE
	EndGlobalSection
	GlobalSection(ExtensibilityGlobals) = postSolution
		SolutionGuid = {0085B591-6329-4FEB-A9BB-70BC99161544}
	EndGlobalSection
EndGlobal
